
Microsoft Visual Studio Solution File, Format Version 12.00
# Visual Studio Version 16
VisualStudioVersion = 16.0.30907.101
MinimumVisualStudioVersion = 10.0.40219.1
Project("{FAE04EC0-301F-11D3-BF4B-00C04F79EFBC}") = "ServiceMtk-P1-20190140130", "ServiceMtk-P1-20190140130\ServiceMtk-P1-20190140130.csproj", "{399BEB42-C3B6-46A6-A1AC-E04BFDB27D54}"
EndProject
Global
	GlobalSection(SolutionConfigurationPlatforms) = preSolution
		Debug|Any CPU = Debug|Any CPU
		Release|Any CPU = Release|Any CPU
	EndGlobalSection
	GlobalSection(ProjectConfigurationPlatforms) = postSolution
		{399BEB42-C3B6-46A6-A1AC-E04BFDB27D54}.Debug|Any CPU.ActiveCfg = Debug|Any CPU
		{399BEB42-C3B6-46A6-A1AC-E04BFDB27D54}.Debug|Any CPU.Build.0 = Debug|Any CPU
		{399BEB42-C3B6-46A6-A1AC-E04BFDB27D54}.Release|Any CPU.ActiveCfg = Release|Any CPU
		{399BEB42-C3B6-46A6-A1AC-E04BFDB27D54}.Release|Any CPU.Build.0 = Release|Any CPU
	EndGlobalSection
	GlobalSection(SolutionProperties) = preSolution
		HideSolutionNode = FALSE
	EndGlobalSection
	GlobalSection(ExtensibilityGlobals) = postSolution
		SolutionGuid = {9CDDAA81-2069-4EB7-85BA-DA86A256691B}
	EndGlobalSection
EndGlobal
